
Microsoft Visual Studio Solution File, Format Version 12.00
# Visual Studio Version 16
VisualStudioVersion = 16.0.29306.81
MinimumVisualStudioVersion = 10.0.40219.1
Project("{9A19103F-16F7-4668-BE54-9A1E7A4F7556}") = "CSharpFinal", "CSharpFinal\CSharpFinal.csproj", "{C654365C-20F3-4240-8D03-C0BC7EBEE99C}"
EndProject
Project("{9A19103F-16F7-4668-BE54-9A1E7A4F7556}") = "DataLayer", "DataLayer\DataLayer.csproj", "{022B3CEB-DB9C-4387-9292-87AC364BB251}"
EndProject
Project("{9A19103F-16F7-4668-BE54-9A1E7A4F7556}") = "BuissnesLayer", "BuissnesLayer\BuissnesLayer.csproj", "{E8A9BCAA-9C35-4739-A28E-B3059D0F5A9D}"
EndProject
Project("{9A19103F-16F7-4668-BE54-9A1E7A4F7556}") = "PresentationLayer", "PresentLayer\PresentationLayer.csproj", "{A4EC8BB4-D24C-4B76-ADBB-22D650341EDA}"
EndProject
Global
	GlobalSection(SolutionConfigurationPlatforms) = preSolution
		Debug|Any CPU = Debug|Any CPU
		Release|Any CPU = Release|Any CPU
	EndGlobalSection
	GlobalSection(ProjectConfigurationPlatforms) = postSolution
		{C654365C-20F3-4240-8D03-C0BC7EBEE99C}.Debug|Any CPU.ActiveCfg = Debug|Any CPU
		{C654365C-20F3-4240-8D03-C0BC7EBEE99C}.Debug|Any CPU.Build.0 = Debug|Any CPU
		{C654365C-20F3-4240-8D03-C0BC7EBEE99C}.Release|Any CPU.ActiveCfg = Release|Any CPU
		{C654365C-20F3-4240-8D03-C0BC7EBEE99C}.Release|Any CPU.Build.0 = Release|Any CPU
		{022B3CEB-DB9C-4387-9292-87AC364BB251}.Debug|Any CPU.ActiveCfg = Debug|Any CPU
		{022B3CEB-DB9C-4387-9292-87AC364BB251}.Debug|Any CPU.Build.0 = Debug|Any CPU
		{022B3CEB-DB9C-4387-9292-87AC364BB251}.Release|Any CPU.ActiveCfg = Release|Any CPU
		{022B3CEB-DB9C-4387-9292-87AC364BB251}.Release|Any CPU.Build.0 = Release|Any CPU
		{E8A9BCAA-9C35-4739-A28E-B3059D0F5A9D}.Debug|Any CPU.ActiveCfg = Debug|Any CPU
		{E8A9BCAA-9C35-4739-A28E-B3059D0F5A9D}.Debug|Any CPU.Build.0 = Debug|Any CPU
		{E8A9BCAA-9C35-4739-A28E-B3059D0F5A9D}.Release|Any CPU.ActiveCfg = Release|Any CPU
		{E8A9BCAA-9C35-4739-A28E-B3059D0F5A9D}.Release|Any CPU.Build.0 = Release|Any CPU
		{A4EC8BB4-D24C-4B76-ADBB-22D650341EDA}.Debug|Any CPU.ActiveCfg = Debug|Any CPU
		{A4EC8BB4-D24C-4B76-ADBB-22D650341EDA}.Debug|Any CPU.Build.0 = Debug|Any CPU
		{A4EC8BB4-D24C-4B76-ADBB-22D650341EDA}.Release|Any CPU.ActiveCfg = Release|Any CPU
		{A4EC8BB4-D24C-4B76-ADBB-22D650341EDA}.Release|Any CPU.Build.0 = Release|Any CPU
	EndGlobalSection
	GlobalSection(SolutionProperties) = preSolution
		HideSolutionNode = FALSE
	EndGlobalSection
	GlobalSection(ExtensibilityGlobals) = postSolution
		SolutionGuid = {70326C27-CF74-4AC7-9D03-473D96EAA28C}
	EndGlobalSection
EndGlobal
